
Microsoft Visual Studio Solution File, Format Version 12.00
# Visual Studio 14
VisualStudioVersion = 14.0.25420.1
MinimumVisualStudioVersion = 10.0.40219.1
Project("{8BC9CEB8-8B4A-11D0-8D11-00A0C91BC942}") = "DoubleLinkList", "DoubleLinkList\DoubleLinkList.vcxproj", "{2C84B924-76B3-4A12-B17E-E44780117DAB}"
EndProject
Project("{8BC9CEB8-8B4A-11D0-8D11-00A0C91BC942}") = "AnagramGenerator", "AnagramGenerator\AnagramGenerator.vcxproj", "{800B545C-2ECB-4472-8075-EB50B3647A13}"
EndProject
Project("{8BC9CEB8-8B4A-11D0-8D11-00A0C91BC942}") = "HashTables", "HashTables\HashTables.vcxproj", "{7CC46445-C3B8-4965-91EF-B0351C1F6EE0}"
EndProject
Project("{8BC9CEB8-8B4A-11D0-8D11-00A0C91BC942}") = "TriesDataStruture", "TriesDataStruture\TriesDataStruture.vcxproj", "{29112208-476A-4FF1-ADD3-91F3292D0A73}"
EndProject
Project("{8BC9CEB8-8B4A-11D0-8D11-00A0C91BC942}") = "BinaryFileHandler", "BinaryFileHandler\BinaryFileHandler.vcxproj", "{3542CA07-B0FB-4C4E-99A6-316FBF3C9080}"
EndProject
Project("{8BC9CEB8-8B4A-11D0-8D11-00A0C91BC942}") = "DictionaryLookUp", "DictionaryLookUp\DictionaryLookUp.vcxproj", "{5D1A2A80-B4E6-426B-B480-F1309FABA49C}"
EndProject
Project("{8BC9CEB8-8B4A-11D0-8D11-00A0C91BC942}") = "MakeBinarySampleFile", "MakeBinarySampleFile\MakeBinarySampleFile.vcxproj", "{6EB3CE31-9473-42EF-82CE-937745B6C542}"
EndProject
Global
	GlobalSection(SolutionConfigurationPlatforms) = preSolution
		Debug|Any CPU = Debug|Any CPU
		Debug|x64 = Debug|x64
		Debug|x86 = Debug|x86
		Release|Any CPU = Release|Any CPU
		Release|x64 = Release|x64
		Release|x86 = Release|x86
	EndGlobalSection
	GlobalSection(ProjectConfigurationPlatforms) = postSolution
		{2C84B924-76B3-4A12-B17E-E44780117DAB}.Debug|Any CPU.ActiveCfg = Debug|Win32
		{2C84B924-76B3-4A12-B17E-E44780117DAB}.Debug|x64.ActiveCfg = Debug|x64
		{2C84B924-76B3-4A12-B17E-E44780117DAB}.Debug|x64.Build.0 = Debug|x64
		{2C84B924-76B3-4A12-B17E-E44780117DAB}.Debug|x86.ActiveCfg = Debug|Win32
		{2C84B924-76B3-4A12-B17E-E44780117DAB}.Debug|x86.Build.0 = Debug|Win32
		{2C84B924-76B3-4A12-B17E-E44780117DAB}.Release|Any CPU.ActiveCfg = Release|Win32
		{2C84B924-76B3-4A12-B17E-E44780117DAB}.Release|x64.ActiveCfg = Release|x64
		{2C84B924-76B3-4A12-B17E-E44780117DAB}.Release|x64.Build.0 = Release|x64
		{2C84B924-76B3-4A12-B17E-E44780117DAB}.Release|x86.ActiveCfg = Release|Win32
		{2C84B924-76B3-4A12-B17E-E44780117DAB}.Release|x86.Build.0 = Release|Win32
		{800B545C-2ECB-4472-8075-EB50B3647A13}.Debug|Any CPU.ActiveCfg = Debug|Win32
		{800B545C-2ECB-4472-8075-EB50B3647A13}.Debug|x64.ActiveCfg = Debug|x64
		{800B545C-2ECB-4472-8075-EB50B3647A13}.Debug|x64.Build.0 = Debug|x64
		{800B545C-2ECB-4472-8075-EB50B3647A13}.Debug|x86.ActiveCfg = Debug|Win32
		{800B545C-2ECB-4472-8075-EB50B3647A13}.Debug|x86.Build.0 = Debug|Win32
		{800B545C-2ECB-4472-8075-EB50B3647A13}.Release|Any CPU.ActiveCfg = Release|Win32
		{800B545C-2ECB-4472-8075-EB50B3647A13}.Release|x64.ActiveCfg = Release|x64
		{800B545C-2ECB-4472-8075-EB50B3647A13}.Release|x64.Build.0 = Release|x64
		{800B545C-2ECB-4472-8075-EB50B3647A13}.Release|x86.ActiveCfg = Release|Win32
		{800B545C-2ECB-4472-8075-EB50B3647A13}.Release|x86.Build.0 = Release|Win32
		{7CC46445-C3B8-4965-91EF-B0351C1F6EE0}.Debug|Any CPU.ActiveCfg = Debug|Win32
		{7CC46445-C3B8-4965-91EF-B0351C1F6EE0}.Debug|x64.ActiveCfg = Debug|x64
		{7CC46445-C3B8-4965-91EF-B0351C1F6EE0}.Debug|x64.Build.0 = Debug|x64
		{7CC46445-C3B8-4965-91EF-B0351C1F6EE0}.Debug|x86.ActiveCfg = Debug|Win32
		{7CC46445-C3B8-4965-91EF-B0351C1F6EE0}.Debug|x86.Build.0 = Debug|Win32
		{7CC46445-C3B8-4965-91EF-B0351C1F6EE0}.Release|Any CPU.ActiveCfg = Release|Win32
		{7CC46445-C3B8-4965-91EF-B0351C1F6EE0}.Release|x64.ActiveCfg = Release|x64
		{7CC46445-C3B8-4965-91EF-B0351C1F6EE0}.Release|x64.Build.0 = Release|x64
		{7CC46445-C3B8-4965-91EF-B0351C1F6EE0}.Release|x86.ActiveCfg = Release|Win32
		{7CC46445-C3B8-4965-91EF-B0351C1F6EE0}.Release|x86.Build.0 = Release|Win32
		{29112208-476A-4FF1-ADD3-91F3292D0A73}.Debug|Any CPU.ActiveCfg = Debug|Win32
		{29112208-476A-4FF1-ADD3-91F3292D0A73}.Debug|x64.ActiveCfg = Debug|x64
		{29112208-476A-4FF1-ADD3-91F3292D0A73}.Debug|x64.Build.0 = Debug|x64
		{29112208-476A-4FF1-ADD3-91F3292D0A73}.Debug|x86.ActiveCfg = Debug|Win32
		{29112208-476A-4FF1-ADD3-91F3292D0A73}.Debug|x86.Build.0 = Debug|Win32
		{29112208-476A-4FF1-ADD3-91F3292D0A73}.Release|Any CPU.ActiveCfg = Release|Win32
		{29112208-476A-4FF1-ADD3-91F3292D0A73}.Release|x64.ActiveCfg = Release|x64
		{29112208-476A-4FF1-ADD3-91F3292D0A73}.Release|x64.Build.0 = Release|x64
		{29112208-476A-4FF1-ADD3-91F3292D0A73}.Release|x86.ActiveCfg = Release|Win32
		{29112208-476A-4FF1-ADD3-91F3292D0A73}.Release|x86.Build.0 = Release|Win32
		{3542CA07-B0FB-4C4E-99A6-316FBF3C9080}.Debug|Any CPU.ActiveCfg = Debug|Win32
		{3542CA07-B0FB-4C4E-99A6-316FBF3C9080}.Debug|x64.ActiveCfg = Debug|x64
		{3542CA07-B0FB-4C4E-99A6-316FBF3C9080}.Debug|x64.Build.0 = Debug|x64
		{3542CA07-B0FB-4C4E-99A6-316FBF3C9080}.Debug|x86.ActiveCfg = Debug|Win32
		{3542CA07-B0FB-4C4E-99A6-316FBF3C9080}.Debug|x86.Build.0 = Debug|Win32
		{3542CA07-B0FB-4C4E-99A6-316FBF3C9080}.Release|Any CPU.ActiveCfg = Release|Win32
		{3542CA07-B0FB-4C4E-99A6-316FBF3C9080}.Release|x64.ActiveCfg = Release|x64
		{3542CA07-B0FB-4C4E-99A6-316FBF3C9080}.Release|x64.Build.0 = Release|x64
		{3542CA07-B0FB-4C4E-99A6-316FBF3C9080}.Release|x86.ActiveCfg = Release|Win32
		{3542CA07-B0FB-4C4E-99A6-316FBF3C9080}.Release|x86.Build.0 = Release|Win32
		{5D1A2A80-B4E6-426B-B480-F1309FABA49C}.Debug|Any CPU.ActiveCfg = Debug|Win32
		{5D1A2A80-B4E6-426B-B480-F1309FABA49C}.Debug|x64.ActiveCfg = Debug|x64
		{5D1A2A80-B4E6-426B-B480-F1309FABA49C}.Debug|x64.Build.0 = Debug|x64
		{5D1A2A80-B4E6-426B-B480-F1309FABA49C}.Debug|x86.ActiveCfg = Debug|Win32
		{5D1A2A80-B4E6-426B-B480-F1309FABA49C}.Debug|x86.Build.0 = Debug|Win32
		{5D1A2A80-B4E6-426B-B480-F1309FABA49C}.Release|Any CPU.ActiveCfg = Release|Win32
		{5D1A2A80-B4E6-426B-B480-F1309FABA49C}.Release|x64.ActiveCfg = Release|x64
		{5D1A2A80-B4E6-426B-B480-F1309FABA49C}.Release|x64.Build.0 = Release|x64
		{5D1A2A80-B4E6-426B-B480-F1309FABA49C}.Release|x86.ActiveCfg = Release|Win32
		{5D1A2A80-B4E6-426B-B480-F1309FABA49C}.Release|x86.Build.0 = Release|Win32
		{6EB3CE31-9473-42EF-82CE-937745B6C542}.Debug|Any CPU.ActiveCfg = Debug|Win32
		{6EB3CE31-9473-42EF-82CE-937745B6C542}.Debug|x64.ActiveCfg = Debug|x64
		{6EB3CE31-9473-42EF-82CE-937745B6C542}.Debug|x64.Build.0 = Debug|x64
		{6EB3CE31-9473-42EF-82CE-937745B6C542}.Debug|x86.ActiveCfg = Debug|Win32
		{6EB3CE31-9473-42EF-82CE-937745B6C542}.Debug|x86.Build.0 = Debug|Win32
		{6EB3CE31-9473-42EF-82CE-937745B6C542}.Release|Any CPU.ActiveCfg = Release|Win32
		{6EB3CE31-9473-42EF-82CE-937745B6C542}.Release|x64.ActiveCfg = Release|x64
		{6EB3CE31-9473-42EF-82CE-937745B6C542}.Release|x64.Build.0 = Release|x64
		{6EB3CE31-9473-42EF-82CE-937745B6C542}.Release|x86.ActiveCfg = Release|Win32
		{6EB3CE31-9473-42EF-82CE-937745B6C542}.Release|x86.Build.0 = Release|Win32
	EndGlobalSection
	GlobalSection(SolutionProperties) = preSolution
		HideSolutionNode = FALSE
	EndGlobalSection
EndGlobal
