
Microsoft Visual Studio Solution File, Format Version 12.00
# Visual Studio 14
VisualStudioVersion = 14.0.25420.1
MinimumVisualStudioVersion = 10.0.40219.1
Project("{8BC9CEB8-8B4A-11D0-8D11-00A0C91BC942}") = "DoubleLinkList", "DoubleLinkList\DoubleLinkList.vcxproj", "{2C84B924-76B3-4A12-B17E-E44780117DAB}"
EndProject
Project("{8BC9CEB8-8B4A-11D0-8D11-00A0C91BC942}") = "AnagramGenerator", "AnagramGenerator\AnagramGenerator.vcxproj", "{800B545C-2ECB-4472-8075-EB50B3647A13}"
EndProject
Project("{8BC9CEB8-8B4A-11D0-8D11-00A0C91BC942}") = "DictionaryTest.cpp", "DictionaryTest.cpp\DictionaryTest.cpp.vcxproj", "{3C37BDC7-E9B4-4A8D-9951-9F988D42B176}"
EndProject
Global
	GlobalSection(SolutionConfigurationPlatforms) = preSolution
		Debug|x64 = Debug|x64
		Debug|x86 = Debug|x86
		Release|x64 = Release|x64
		Release|x86 = Release|x86
	EndGlobalSection
	GlobalSection(ProjectConfigurationPlatforms) = postSolution
		{2C84B924-76B3-4A12-B17E-E44780117DAB}.Debug|x64.ActiveCfg = Debug|x64
		{2C84B924-76B3-4A12-B17E-E44780117DAB}.Debug|x64.Build.0 = Debug|x64
		{2C84B924-76B3-4A12-B17E-E44780117DAB}.Debug|x86.ActiveCfg = Debug|Win32
		{2C84B924-76B3-4A12-B17E-E44780117DAB}.Debug|x86.Build.0 = Debug|Win32
		{2C84B924-76B3-4A12-B17E-E44780117DAB}.Release|x64.ActiveCfg = Release|x64
		{2C84B924-76B3-4A12-B17E-E44780117DAB}.Release|x64.Build.0 = Release|x64
		{2C84B924-76B3-4A12-B17E-E44780117DAB}.Release|x86.ActiveCfg = Release|Win32
		{2C84B924-76B3-4A12-B17E-E44780117DAB}.Release|x86.Build.0 = Release|Win32
		{800B545C-2ECB-4472-8075-EB50B3647A13}.Debug|x64.ActiveCfg = Debug|x64
		{800B545C-2ECB-4472-8075-EB50B3647A13}.Debug|x64.Build.0 = Debug|x64
		{800B545C-2ECB-4472-8075-EB50B3647A13}.Debug|x86.ActiveCfg = Debug|Win32
		{800B545C-2ECB-4472-8075-EB50B3647A13}.Debug|x86.Build.0 = Debug|Win32
		{800B545C-2ECB-4472-8075-EB50B3647A13}.Release|x64.ActiveCfg = Release|x64
		{800B545C-2ECB-4472-8075-EB50B3647A13}.Release|x64.Build.0 = Release|x64
		{800B545C-2ECB-4472-8075-EB50B3647A13}.Release|x86.ActiveCfg = Release|Win32
		{800B545C-2ECB-4472-8075-EB50B3647A13}.Release|x86.Build.0 = Release|Win32
		{3C37BDC7-E9B4-4A8D-9951-9F988D42B176}.Debug|x64.ActiveCfg = Debug|x64
		{3C37BDC7-E9B4-4A8D-9951-9F988D42B176}.Debug|x64.Build.0 = Debug|x64
		{3C37BDC7-E9B4-4A8D-9951-9F988D42B176}.Debug|x86.ActiveCfg = Debug|Win32
		{3C37BDC7-E9B4-4A8D-9951-9F988D42B176}.Debug|x86.Build.0 = Debug|Win32
		{3C37BDC7-E9B4-4A8D-9951-9F988D42B176}.Release|x64.ActiveCfg = Release|x64
		{3C37BDC7-E9B4-4A8D-9951-9F988D42B176}.Release|x64.Build.0 = Release|x64
		{3C37BDC7-E9B4-4A8D-9951-9F988D42B176}.Release|x86.ActiveCfg = Release|Win32
		{3C37BDC7-E9B4-4A8D-9951-9F988D42B176}.Release|x86.Build.0 = Release|Win32
	EndGlobalSection
	GlobalSection(SolutionProperties) = preSolution
		HideSolutionNode = FALSE
	EndGlobalSection
EndGlobal
